# This file is automatically @generated by Poetry 1.8.4 and should not be changed by hand.

[[package]]
name = "click"
version = "8.5.0"
description = "Composable command line interface toolkit"
optional = false
python-versions = ">=3.10"
files = [
    {file = "click-8.5.0-py3-none-any.whl", hash = "sha256:255bc9599cf7748b4b1a446ccc735421bd08a2ae529a8b88597d3de5664ee360"},
    {file = "click-8.5.0.tar.gz", hash = "sha256:ba0d2089de75ea0310e2dde03160e6ca10009947fb95a182f9b54021bb272e34"},
]

[[package]]
name = "docstring-parser-fork"
version = "0.0.16"
description = "Parse Python docstrings in reST, Google and Numpydoc format"
optional = false
python-versions = ">=3.8"
files = [
    {file = "docstring_parser_fork-0.0.16-py3-none-any.whl", hash = "sha256:c024c97af582d6acf85a14f0b332b3a2ab08626648d251c25e47191f33064386"},
    {file = "docstring_parser_fork-0.0.16.tar.gz", hash = "sha256:9ecf861ceab8b87d1297a71001c15a1956ad02e87434ee6473643a5988094f7c"},
]

[package.extras]
dev = ["docstring-parser[docs]", "docstring-parser[test]", "pre-commit (>=2.16.0)"]
docs = ["pydoctor (>=25.4.0)"]
test = ["pytest"]

[[package]]
name = "pydoclint"
version = "0.9.1"
description = "A Python docstring linter that checks arguments, returns, yields, and raises sections"
optional = false
python-versions = ">=3.10"
files = [
    {file = "pydoclint-0.9.1-py3-none-any.whl", hash = "sha256:685b4a1c3c852045e4523b61d9c3f789672dfab3a454fe51a9e346c9e21dfcdb"},
    {file = "pydoclint-0.9.1.tar.gz", hash = "sha256:eb699ecf95124b8d0b881d55cd53cccaa567172005d1223ec91a0259b51a5650"},
]

[package.dependencies]
click = ">=8.1.0"
docstring_parser_fork = "0.0.16"

[package.extras]
flake8 = ["flake8 (>=4)"]

[metadata]
lock-version = "2.0"
python-versions = ">=3.12,<4.0"
content-hash = "e9959cfbe0079ebb0f20f6516937bc073d58bf4cc442fcd38ffc30aad25a4361"
